{
  "name": "ascii-grid",
  "version": "1.3.1",
  "lockfileVersion": 2,
  "requires": true,
  "packages": {
    "": {
      "version": "1.3.1",
      "license": "CC0-1.0",
      "dependencies": {
        "calc-stats": "^0.0.2",
        "get-byte": "0.0.0"
      },
      "devDependencies": {
        "fast-max": "0.0.0",
        "fast-min": "0.0.0",
        "flug": "^1.1.0",
        "prettier": "^2.2.1",
        "toab": "^1.0.2"
      }
    },
    "node_modules/calc-stats": {
      "version": "0.0.2",
      "resolved": "https://registry.npmjs.org/calc-stats/-/calc-stats-0.0.2.tgz",
      "integrity": "sha512-NHf1/ydUOQyce1H3lemQVGIniP0SHIKGEYixhlKg2IMUK04dhVOJ0xPY4lH3Hlh5gc4OML6cBytUuLglwfpZoQ==",
      "dependencies": {
        "faster-median": "^0.2.0"
      }
    },
    "node_modules/fast-max": {
      "version": "0.0.0",
      "resolved": "https://registry.npmjs.org/fast-max/-/fast-max-0.0.0.tgz",
      "integrity": "sha512-902oqMBKjy6rsqaNcoYEARRUj30nomjTbLE4He2xcEG1r15FNcwMMmxJSl1RtnrjlePdqp+uiiGKv2vSK+3INw==",
      "dev": true
    },
    "node_modules/fast-min": {
      "version": "0.0.0",
      "resolved": "https://registry.npmjs.org/fast-min/-/fast-min-0.0.0.tgz",
      "integrity": "sha512-2FEuozi5S2DWZgkxvIP7clWy+D4twPr09Inj9m21uK9xFS87pLehaAAKJYHovllfX8U5HZI94B4s0kwGx2cO+g==",
      "dev": true
    },
    "node_modules/faster-median": {
      "version": "0.2.0",
      "resolved": "https://registry.npmjs.org/faster-median/-/faster-median-0.2.0.tgz",
      "integrity": "sha512-dhqk/gHPGzxaLVhWU/0v7Ae9Tr/noReH0lXweSNsJiT+gF+foivxrsKC1d6pQdzEcd5MXPkxllV7WLv52MRO1g=="
    },
    "node_modules/flug": {
      "version": "1.1.0",
      "resolved": "https://registry.npmjs.org/flug/-/flug-1.1.0.tgz",
      "integrity": "sha512-WiqL10XpieW2CNyW4L++cBdIdrTAj6cMhjI/uEtms50JwJwjnythS5QtaE7Db+5ybYqqnTmREzbr/EB+TKlgJA==",
      "dev": true
    },
    "node_modules/get-byte": {
      "version": "0.0.0",
      "resolved": "https://registry.npmjs.org/get-byte/-/get-byte-0.0.0.tgz",
      "integrity": "sha512-dFdDPbQR4zCgSxsmMEjVrLHtvSdTVqb2JUfcZ8KYhXUQD8eiE7uTgeHzse5K479Kd8IIRt6503+2gmQhahvJyg=="
    },
    "node_modules/prettier": {
      "version": "2.2.1",
      "resolved": "https://registry.npmjs.org/prettier/-/prettier-2.2.1.tgz",
      "integrity": "sha512-PqyhM2yCjg/oKkFPtTGUojv7gnZAoG80ttl45O6x2Ug/rMJw4wcc9k6aaf2hibP7BGVCCM33gZoGjyvt9mm16Q==",
      "dev": true,
      "bin": {
        "prettier": "bin-prettier.js"
      },
      "engines": {
        "node": ">=10.13.0"
      }
    },
    "node_modules/toab": {
      "version": "1.0.2",
      "resolved": "https://registry.npmjs.org/toab/-/toab-1.0.2.tgz",
      "integrity": "sha512-C7ejxtNHlu4gTj2L49UDtQB7kqNBkPGEz56F+1RtQGLKNDPHFMFqTySXalJaw6x2INkg03rzGe7apr90WlKXQQ==",
      "dev": true
    }
  },
  "dependencies": {
    "calc-stats": {
      "version": "0.0.2",
      "resolved": "https://registry.npmjs.org/calc-stats/-/calc-stats-0.0.2.tgz",
      "integrity": "sha512-NHf1/ydUOQyce1H3lemQVGIniP0SHIKGEYixhlKg2IMUK04dhVOJ0xPY4lH3Hlh5gc4OML6cBytUuLglwfpZoQ==",
      "requires": {
        "faster-median": "^0.2.0"
      }
    },
    "fast-max": {
      "version": "0.0.0",
      "resolved": "https://registry.npmjs.org/fast-max/-/fast-max-0.0.0.tgz",
      "integrity": "sha512-902oqMBKjy6rsqaNcoYEARRUj30nomjTbLE4He2xcEG1r15FNcwMMmxJSl1RtnrjlePdqp+uiiGKv2vSK+3INw==",
      "dev": true
    },
    "fast-min": {
      "version": "0.0.0",
      "resolved": "https://registry.npmjs.org/fast-min/-/fast-min-0.0.0.tgz",
      "integrity": "sha512-2FEuozi5S2DWZgkxvIP7clWy+D4twPr09Inj9m21uK9xFS87pLehaAAKJYHovllfX8U5HZI94B4s0kwGx2cO+g==",
      "dev": true
    },
    "faster-median": {
      "version": "0.2.0",
      "resolved": "https://registry.npmjs.org/faster-median/-/faster-median-0.2.0.tgz",
      "integrity": "sha512-dhqk/gHPGzxaLVhWU/0v7Ae9Tr/noReH0lXweSNsJiT+gF+foivxrsKC1d6pQdzEcd5MXPkxllV7WLv52MRO1g=="
    },
    "flug": {
      "version": "1.1.0",
      "resolved": "https://registry.npmjs.org/flug/-/flug-1.1.0.tgz",
      "integrity": "sha512-WiqL10XpieW2CNyW4L++cBdIdrTAj6cMhjI/uEtms50JwJwjnythS5QtaE7Db+5ybYqqnTmREzbr/EB+TKlgJA==",
      "dev": true
    },
    "get-byte": {
      "version": "0.0.0",
      "resolved": "https://registry.npmjs.org/get-byte/-/get-byte-0.0.0.tgz",
      "integrity": "sha512-dFdDPbQR4zCgSxsmMEjVrLHtvSdTVqb2JUfcZ8KYhXUQD8eiE7uTgeHzse5K479Kd8IIRt6503+2gmQhahvJyg=="
    },
    "prettier": {
      "version": "2.2.1",
      "resolved": "https://registry.npmjs.org/prettier/-/prettier-2.2.1.tgz",
      "integrity": "sha512-PqyhM2yCjg/oKkFPtTGUojv7gnZAoG80ttl45O6x2Ug/rMJw4wcc9k6aaf2hibP7BGVCCM33gZoGjyvt9mm16Q==",
      "dev": true
    },
    "toab": {
      "version": "1.0.2",
      "resolved": "https://registry.npmjs.org/toab/-/toab-1.0.2.tgz",
      "integrity": "sha512-C7ejxtNHlu4gTj2L49UDtQB7kqNBkPGEz56F+1RtQGLKNDPHFMFqTySXalJaw6x2INkg03rzGe7apr90WlKXQQ==",
      "dev": true
    }
  }
}
