{
  "name": "ascii-grid",
  "version": "0.2.0",
  "lockfileVersion": 2,
  "requires": true,
  "packages": {
    "": {
      "version": "0.2.0",
      "license": "CC0-1.0",
      "dependencies": {
        "get-byte": "0.0.0",
        "to-typed-array": "0.0.1"
      },
      "devDependencies": {
        "fast-max": "0.0.0",
        "fast-min": "0.0.0",
        "flug": "^1.1.0",
        "prettier": "^2.2.1",
        "toab": "^1.0.2"
      }
    },
    "node_modules/@extra-number/significant-digits": {
      "version": "2.0.27",
      "resolved": "https://registry.npmjs.org/@extra-number/significant-digits/-/significant-digits-2.0.27.tgz",
      "integrity": "sha512-bbMUGFrM1lgDI8QieK6TRdSEZs2dxe9Rajr4xdAgVtvDu2snqCA7g+2aLol9Ncee+xtm5qeZZGaJy+ctKJ4+nw=="
    },
    "node_modules/choose-typed-array": {
      "version": "0.0.1",
      "resolved": "https://registry.npmjs.org/choose-typed-array/-/choose-typed-array-0.0.1.tgz",
      "integrity": "sha512-7YMFqGRNVemeb7mCv4/1k3AaKI/rEuimSM/YnwnYJbsG6h8NA4etBGWCkiI14pznEBdpTiVzgN28Y7+oDYnglw=="
    },
    "node_modules/fast-max": {
      "version": "0.0.0",
      "resolved": "https://registry.npmjs.org/fast-max/-/fast-max-0.0.0.tgz",
      "integrity": "sha512-902oqMBKjy6rsqaNcoYEARRUj30nomjTbLE4He2xcEG1r15FNcwMMmxJSl1RtnrjlePdqp+uiiGKv2vSK+3INw==",
      "dev": true
    },
    "node_modules/fast-min": {
      "version": "0.0.0",
      "resolved": "https://registry.npmjs.org/fast-min/-/fast-min-0.0.0.tgz",
      "integrity": "sha512-2FEuozi5S2DWZgkxvIP7clWy+D4twPr09Inj9m21uK9xFS87pLehaAAKJYHovllfX8U5HZI94B4s0kwGx2cO+g==",
      "dev": true
    },
    "node_modules/flug": {
      "version": "1.1.0",
      "resolved": "https://registry.npmjs.org/flug/-/flug-1.1.0.tgz",
      "integrity": "sha512-WiqL10XpieW2CNyW4L++cBdIdrTAj6cMhjI/uEtms50JwJwjnythS5QtaE7Db+5ybYqqnTmREzbr/EB+TKlgJA==",
      "dev": true
    },
    "node_modules/get-byte": {
      "version": "0.0.0",
      "resolved": "https://registry.npmjs.org/get-byte/-/get-byte-0.0.0.tgz",
      "integrity": "sha512-dFdDPbQR4zCgSxsmMEjVrLHtvSdTVqb2JUfcZ8KYhXUQD8eiE7uTgeHzse5K479Kd8IIRt6503+2gmQhahvJyg=="
    },
    "node_modules/prettier": {
      "version": "2.2.1",
      "resolved": "https://registry.npmjs.org/prettier/-/prettier-2.2.1.tgz",
      "integrity": "sha512-PqyhM2yCjg/oKkFPtTGUojv7gnZAoG80ttl45O6x2Ug/rMJw4wcc9k6aaf2hibP7BGVCCM33gZoGjyvt9mm16Q==",
      "dev": true,
      "bin": {
        "prettier": "bin-prettier.js"
      },
      "engines": {
        "node": ">=10.13.0"
      }
    },
    "node_modules/to-typed-array": {
      "version": "0.0.1",
      "resolved": "https://registry.npmjs.org/to-typed-array/-/to-typed-array-0.0.1.tgz",
      "integrity": "sha512-U51XiUxaXYsW52jw05VLEvAZv7yqD6UAzkySL21m7jCSufgBu5cqtKIiM6As86WAh4mEQCs/PX/FQkf0L5JJ+w==",
      "dependencies": {
        "@extra-number/significant-digits": "^2.0.26",
        "choose-typed-array": "0.0.1"
      }
    },
    "node_modules/toab": {
      "version": "1.0.2",
      "resolved": "https://registry.npmjs.org/toab/-/toab-1.0.2.tgz",
      "integrity": "sha512-C7ejxtNHlu4gTj2L49UDtQB7kqNBkPGEz56F+1RtQGLKNDPHFMFqTySXalJaw6x2INkg03rzGe7apr90WlKXQQ==",
      "dev": true
    }
  },
  "dependencies": {
    "@extra-number/significant-digits": {
      "version": "2.0.27",
      "resolved": "https://registry.npmjs.org/@extra-number/significant-digits/-/significant-digits-2.0.27.tgz",
      "integrity": "sha512-bbMUGFrM1lgDI8QieK6TRdSEZs2dxe9Rajr4xdAgVtvDu2snqCA7g+2aLol9Ncee+xtm5qeZZGaJy+ctKJ4+nw=="
    },
    "choose-typed-array": {
      "version": "0.0.1",
      "resolved": "https://registry.npmjs.org/choose-typed-array/-/choose-typed-array-0.0.1.tgz",
      "integrity": "sha512-7YMFqGRNVemeb7mCv4/1k3AaKI/rEuimSM/YnwnYJbsG6h8NA4etBGWCkiI14pznEBdpTiVzgN28Y7+oDYnglw=="
    },
    "fast-max": {
      "version": "0.0.0",
      "resolved": "https://registry.npmjs.org/fast-max/-/fast-max-0.0.0.tgz",
      "integrity": "sha512-902oqMBKjy6rsqaNcoYEARRUj30nomjTbLE4He2xcEG1r15FNcwMMmxJSl1RtnrjlePdqp+uiiGKv2vSK+3INw==",
      "dev": true
    },
    "fast-min": {
      "version": "0.0.0",
      "resolved": "https://registry.npmjs.org/fast-min/-/fast-min-0.0.0.tgz",
      "integrity": "sha512-2FEuozi5S2DWZgkxvIP7clWy+D4twPr09Inj9m21uK9xFS87pLehaAAKJYHovllfX8U5HZI94B4s0kwGx2cO+g==",
      "dev": true
    },
    "flug": {
      "version": "1.1.0",
      "resolved": "https://registry.npmjs.org/flug/-/flug-1.1.0.tgz",
      "integrity": "sha512-WiqL10XpieW2CNyW4L++cBdIdrTAj6cMhjI/uEtms50JwJwjnythS5QtaE7Db+5ybYqqnTmREzbr/EB+TKlgJA==",
      "dev": true
    },
    "get-byte": {
      "version": "0.0.0",
      "resolved": "https://registry.npmjs.org/get-byte/-/get-byte-0.0.0.tgz",
      "integrity": "sha512-dFdDPbQR4zCgSxsmMEjVrLHtvSdTVqb2JUfcZ8KYhXUQD8eiE7uTgeHzse5K479Kd8IIRt6503+2gmQhahvJyg=="
    },
    "prettier": {
      "version": "2.2.1",
      "resolved": "https://registry.npmjs.org/prettier/-/prettier-2.2.1.tgz",
      "integrity": "sha512-PqyhM2yCjg/oKkFPtTGUojv7gnZAoG80ttl45O6x2Ug/rMJw4wcc9k6aaf2hibP7BGVCCM33gZoGjyvt9mm16Q==",
      "dev": true
    },
    "to-typed-array": {
      "version": "0.0.1",
      "resolved": "https://registry.npmjs.org/to-typed-array/-/to-typed-array-0.0.1.tgz",
      "integrity": "sha512-U51XiUxaXYsW52jw05VLEvAZv7yqD6UAzkySL21m7jCSufgBu5cqtKIiM6As86WAh4mEQCs/PX/FQkf0L5JJ+w==",
      "requires": {
        "@extra-number/significant-digits": "^2.0.26",
        "choose-typed-array": "0.0.1"
      }
    },
    "toab": {
      "version": "1.0.2",
      "resolved": "https://registry.npmjs.org/toab/-/toab-1.0.2.tgz",
      "integrity": "sha512-C7ejxtNHlu4gTj2L49UDtQB7kqNBkPGEz56F+1RtQGLKNDPHFMFqTySXalJaw6x2INkg03rzGe7apr90WlKXQQ==",
      "dev": true
    }
  }
}
